
Microsoft Visual Studio Solution File, Format Version 12.00
Project("{FAE04EC0-301F-11D3-BF4B-00C04F79EFBC}") = "UnityBridge", "UnityBridge\UnityBridge.csproj", "{E00E69F4-9454-4EB7-90F9-C51AF9A448B5}"
EndProject
Project("{2150E333-8FDC-42A3-9474-1A3956D46DE8}") = "Solution Items", "Solution Items", "{B0E29656-A1F1-474F-A639-5D8F213859D4}"
	ProjectSection(SolutionItems) = preProject
		compose.yaml = compose.yaml
	EndProjectSection
EndProject
Project("{FAE04EC0-301F-11D3-BF4B-00C04F79EFBC}") = "UnityBridge.Api.Dify", "UnityBridge.Api.Dify\UnityBridge.Api.Dify.csproj", "{287C7FEE-EC89-42DD-87FE-419C5B03E09F}"
EndProject
Project("{FAE04EC0-301F-11D3-BF4B-00C04F79EFBC}") = "UnityBridge.Api.Sino", "UnityBridge.Api.Sino\UnityBridge.Api.Sino.csproj", "{508E6A64-DC50-4928-B5BD-2B7B74EB69B0}"
EndProject
Project("{FAE04EC0-301F-11D3-BF4B-00C04F79EFBC}") = "UnityBridge.Tools", "UnityBridge.Tools\UnityBridge.Tools.csproj", "{D703BC9B-B2D1-4788-8E08-9648E15C180C}"
EndProject
Project("{FAE04EC0-301F-11D3-BF4B-00C04F79EFBC}") = "UnityBridge.Test", "UnityBridge.Test\UnityBridge.Test.csproj", "{8DB9BB3D-4DBB-41F8-AA63-8F65EF5539C8}"
EndProject
Project("{FAE04EC0-301F-11D3-BF4B-00C04F79EFBC}") = "UnityBridge.Core", "UnityBridge.Core\UnityBridge.Core.csproj", "{E07EE8F2-A1CF-4DE7-9E8E-F58FA8602938}"
EndProject
Project("{FAE04EC0-301F-11D3-BF4B-00C04F79EFBC}") = "UnityBridge.Crawler", "UnityBridge.Crawler\UnityBridge.Crawler.csproj", "{A1B2C3D4-E5F6-7890-ABCD-EF1234567890}"
EndProject
Project("{FAE04EC0-301F-11D3-BF4B-00C04F79EFBC}") = "UnityBridge.Crawler.Core", "UnityBridge.Crawler.Core\UnityBridge.Crawler.Core.csproj", "{A1B2C3D5-E5F6-7890-ABCD-EF1234567891}"
EndProject
Project("{FAE04EC0-301F-11D3-BF4B-00C04F79EFBC}") = "UnityBridge.Crawler.XiaoHongShu", "UnityBridge.Crawler.XiaoHongShu\UnityBridge.Crawler.XiaoHongShu.csproj", "{A1B2C3D6-E5F6-7890-ABCD-EF1234567892}"
EndProject
Project("{FAE04EC0-301F-11D3-BF4B-00C04F79EFBC}") = "UnityBridge.Crawler.BiliBili", "UnityBridge.Crawler.BiliBili\UnityBridge.Crawler.BiliBili.csproj", "{A1B2C3D7-E5F6-7890-ABCD-EF1234567893}"
EndProject
Project("{FAE04EC0-301F-11D3-BF4B-00C04F79EFBC}") = "UnityBridge.Crawler.Douyin", "UnityBridge.Crawler.Douyin\UnityBridge.Crawler.Douyin.csproj", "{A1B2C3D8-E5F6-7890-ABCD-EF1234567894}"
EndProject
Project("{FAE04EC0-301F-11D3-BF4B-00C04F79EFBC}") = "UnityBridge.Crawler.Tieba", "UnityBridge.Crawler.Tieba\UnityBridge.Crawler.Tieba.csproj", "{A1B2C3D9-E5F6-7890-ABCD-EF1234567895}"
EndProject
Project("{FAE04EC0-301F-11D3-BF4B-00C04F79EFBC}") = "UnityBridge.Crawler.Kuaishou", "UnityBridge.Crawler.Kuaishou\UnityBridge.Crawler.Kuaishou.csproj", "{A1B2C3DA-E5F6-7890-ABCD-EF1234567896}"
EndProject
Project("{FAE04EC0-301F-11D3-BF4B-00C04F79EFBC}") = "UnityBridge.Crawler.Zhihu", "UnityBridge.Crawler.Zhihu\UnityBridge.Crawler.Zhihu.csproj", "{A1B2C3DB-E5F6-7890-ABCD-EF1234567897}"
EndProject
Project("{FAE04EC0-301F-11D3-BF4B-00C04F79EFBC}") = "UnityBridge.Crawler.Weibo", "UnityBridge.Crawler.Weibo\UnityBridge.Crawler.Weibo.csproj", "{A1B2C3DC-E5F6-7890-ABCD-EF1234567898}"
EndProject
Project("{FAE04EC0-301F-11D3-BF4B-00C04F79EFBC}") = "UnityBridge.Crawler.SignServer", "UnityBridge.Crawler.SignServer\UnityBridge.Crawler.SignServer.csproj", "{6070448A-BABA-435C-AF04-B4D57879E699}"
EndProject
Project("{FAE04EC0-301F-11D3-BF4B-00C04F79EFBC}") = "UnityBridge.Db", "UnityBridge.Db\UnityBridge.Db.csproj", "{0D905C70-03AE-49E9-A422-C58CE606BA3F}"
EndProject
Project("{FAE04EC0-301F-11D3-BF4B-00C04F79EFBC}") = "UnityBridge.Api.Web", "UnityBridge.Api.Web\UnityBridge.Api.Web.csproj", "{498A2CBD-879E-4F34-A963-1BA093E209CA}"
EndProject
Project("{FAE04EC0-301F-11D3-BF4B-00C04F79EFBC}") = "UnityBridge.Api.Sdk", "UnityBridge.Api.Sdk\UnityBridge.Api.Sdk.csproj", "{B13D98B6-9017-4C0A-8AD9-CD5CD62786FF}"
EndProject
Global
	GlobalSection(SolutionConfigurationPlatforms) = preSolution
		Debug|Any CPU = Debug|Any CPU
		Debug|x64 = Debug|x64
		Debug|x86 = Debug|x86
		Release|Any CPU = Release|Any CPU
		Release|x64 = Release|x64
		Release|x86 = Release|x86
	EndGlobalSection
	GlobalSection(ProjectConfigurationPlatforms) = postSolution
		{E00E69F4-9454-4EB7-90F9-C51AF9A448B5}.Debug|Any CPU.ActiveCfg = Debug|Any CPU
		{E00E69F4-9454-4EB7-90F9-C51AF9A448B5}.Debug|Any CPU.Build.0 = Debug|Any CPU
		{E00E69F4-9454-4EB7-90F9-C51AF9A448B5}.Debug|x64.ActiveCfg = Debug|Any CPU
		{E00E69F4-9454-4EB7-90F9-C51AF9A448B5}.Debug|x64.Build.0 = Debug|Any CPU
		{E00E69F4-9454-4EB7-90F9-C51AF9A448B5}.Debug|x86.ActiveCfg = Debug|Any CPU
		{E00E69F4-9454-4EB7-90F9-C51AF9A448B5}.Debug|x86.Build.0 = Debug|Any CPU
		{E00E69F4-9454-4EB7-90F9-C51AF9A448B5}.Release|Any CPU.ActiveCfg = Release|Any CPU
		{E00E69F4-9454-4EB7-90F9-C51AF9A448B5}.Release|Any CPU.Build.0 = Release|Any CPU
		{E00E69F4-9454-4EB7-90F9-C51AF9A448B5}.Release|x64.ActiveCfg = Release|Any CPU
		{E00E69F4-9454-4EB7-90F9-C51AF9A448B5}.Release|x64.Build.0 = Release|Any CPU
		{E00E69F4-9454-4EB7-90F9-C51AF9A448B5}.Release|x86.ActiveCfg = Release|Any CPU
		{E00E69F4-9454-4EB7-90F9-C51AF9A448B5}.Release|x86.Build.0 = Release|Any CPU
		{287C7FEE-EC89-42DD-87FE-419C5B03E09F}.Debug|Any CPU.ActiveCfg = Debug|Any CPU
		{287C7FEE-EC89-42DD-87FE-419C5B03E09F}.Debug|Any CPU.Build.0 = Debug|Any CPU
		{287C7FEE-EC89-42DD-87FE-419C5B03E09F}.Debug|x64.ActiveCfg = Debug|Any CPU
		{287C7FEE-EC89-42DD-87FE-419C5B03E09F}.Debug|x64.Build.0 = Debug|Any CPU
		{287C7FEE-EC89-42DD-87FE-419C5B03E09F}.Debug|x86.ActiveCfg = Debug|Any CPU
		{287C7FEE-EC89-42DD-87FE-419C5B03E09F}.Debug|x86.Build.0 = Debug|Any CPU
		{287C7FEE-EC89-42DD-87FE-419C5B03E09F}.Release|Any CPU.ActiveCfg = Release|Any CPU
		{287C7FEE-EC89-42DD-87FE-419C5B03E09F}.Release|Any CPU.Build.0 = Release|Any CPU
		{287C7FEE-EC89-42DD-87FE-419C5B03E09F}.Release|x64.ActiveCfg = Release|Any CPU
		{287C7FEE-EC89-42DD-87FE-419C5B03E09F}.Release|x64.Build.0 = Release|Any CPU
		{287C7FEE-EC89-42DD-87FE-419C5B03E09F}.Release|x86.ActiveCfg = Release|Any CPU
		{287C7FEE-EC89-42DD-87FE-419C5B03E09F}.Release|x86.Build.0 = Release|Any CPU
		{508E6A64-DC50-4928-B5BD-2B7B74EB69B0}.Debug|Any CPU.ActiveCfg = Debug|Any CPU
		{508E6A64-DC50-4928-B5BD-2B7B74EB69B0}.Debug|Any CPU.Build.0 = Debug|Any CPU
		{508E6A64-DC50-4928-B5BD-2B7B74EB69B0}.Debug|x64.ActiveCfg = Debug|Any CPU
		{508E6A64-DC50-4928-B5BD-2B7B74EB69B0}.Debug|x64.Build.0 = Debug|Any CPU
		{508E6A64-DC50-4928-B5BD-2B7B74EB69B0}.Debug|x86.ActiveCfg = Debug|Any CPU
		{508E6A64-DC50-4928-B5BD-2B7B74EB69B0}.Debug|x86.Build.0 = Debug|Any CPU
		{508E6A64-DC50-4928-B5BD-2B7B74EB69B0}.Release|Any CPU.ActiveCfg = Release|Any CPU
		{508E6A64-DC50-4928-B5BD-2B7B74EB69B0}.Release|Any CPU.Build.0 = Release|Any CPU
		{508E6A64-DC50-4928-B5BD-2B7B74EB69B0}.Release|x64.ActiveCfg = Release|Any CPU
		{508E6A64-DC50-4928-B5BD-2B7B74EB69B0}.Release|x64.Build.0 = Release|Any CPU
		{508E6A64-DC50-4928-B5BD-2B7B74EB69B0}.Release|x86.ActiveCfg = Release|Any CPU
		{508E6A64-DC50-4928-B5BD-2B7B74EB69B0}.Release|x86.Build.0 = Release|Any CPU
		{D703BC9B-B2D1-4788-8E08-9648E15C180C}.Debug|Any CPU.ActiveCfg = Debug|Any CPU
		{D703BC9B-B2D1-4788-8E08-9648E15C180C}.Debug|Any CPU.Build.0 = Debug|Any CPU
		{D703BC9B-B2D1-4788-8E08-9648E15C180C}.Debug|x64.ActiveCfg = Debug|Any CPU
		{D703BC9B-B2D1-4788-8E08-9648E15C180C}.Debug|x64.Build.0 = Debug|Any CPU
		{D703BC9B-B2D1-4788-8E08-9648E15C180C}.Debug|x86.ActiveCfg = Debug|Any CPU
		{D703BC9B-B2D1-4788-8E08-9648E15C180C}.Debug|x86.Build.0 = Debug|Any CPU
		{D703BC9B-B2D1-4788-8E08-9648E15C180C}.Release|Any CPU.ActiveCfg = Release|Any CPU
		{D703BC9B-B2D1-4788-8E08-9648E15C180C}.Release|Any CPU.Build.0 = Release|Any CPU
		{D703BC9B-B2D1-4788-8E08-9648E15C180C}.Release|x64.ActiveCfg = Release|Any CPU
		{D703BC9B-B2D1-4788-8E08-9648E15C180C}.Release|x64.Build.0 = Release|Any CPU
		{D703BC9B-B2D1-4788-8E08-9648E15C180C}.Release|x86.ActiveCfg = Release|Any CPU
		{D703BC9B-B2D1-4788-8E08-9648E15C180C}.Release|x86.Build.0 = Release|Any CPU
		{8DB9BB3D-4DBB-41F8-AA63-8F65EF5539C8}.Debug|Any CPU.ActiveCfg = Debug|Any CPU
		{8DB9BB3D-4DBB-41F8-AA63-8F65EF5539C8}.Debug|Any CPU.Build.0 = Debug|Any CPU
		{8DB9BB3D-4DBB-41F8-AA63-8F65EF5539C8}.Debug|x64.ActiveCfg = Debug|Any CPU
		{8DB9BB3D-4DBB-41F8-AA63-8F65EF5539C8}.Debug|x64.Build.0 = Debug|Any CPU
		{8DB9BB3D-4DBB-41F8-AA63-8F65EF5539C8}.Debug|x86.ActiveCfg = Debug|Any CPU
		{8DB9BB3D-4DBB-41F8-AA63-8F65EF5539C8}.Debug|x86.Build.0 = Debug|Any CPU
		{8DB9BB3D-4DBB-41F8-AA63-8F65EF5539C8}.Release|Any CPU.ActiveCfg = Release|Any CPU
		{8DB9BB3D-4DBB-41F8-AA63-8F65EF5539C8}.Release|Any CPU.Build.0 = Release|Any CPU
		{8DB9BB3D-4DBB-41F8-AA63-8F65EF5539C8}.Release|x64.ActiveCfg = Release|Any CPU
		{8DB9BB3D-4DBB-41F8-AA63-8F65EF5539C8}.Release|x64.Build.0 = Release|Any CPU
		{8DB9BB3D-4DBB-41F8-AA63-8F65EF5539C8}.Release|x86.ActiveCfg = Release|Any CPU
		{8DB9BB3D-4DBB-41F8-AA63-8F65EF5539C8}.Release|x86.Build.0 = Release|Any CPU
		{E07EE8F2-A1CF-4DE7-9E8E-F58FA8602938}.Debug|Any CPU.ActiveCfg = Debug|Any CPU
		{E07EE8F2-A1CF-4DE7-9E8E-F58FA8602938}.Debug|Any CPU.Build.0 = Debug|Any CPU
		{E07EE8F2-A1CF-4DE7-9E8E-F58FA8602938}.Debug|x64.ActiveCfg = Debug|Any CPU
		{E07EE8F2-A1CF-4DE7-9E8E-F58FA8602938}.Debug|x64.Build.0 = Debug|Any CPU
		{E07EE8F2-A1CF-4DE7-9E8E-F58FA8602938}.Debug|x86.ActiveCfg = Debug|Any CPU
		{E07EE8F2-A1CF-4DE7-9E8E-F58FA8602938}.Debug|x86.Build.0 = Debug|Any CPU
		{E07EE8F2-A1CF-4DE7-9E8E-F58FA8602938}.Release|Any CPU.ActiveCfg = Release|Any CPU
		{E07EE8F2-A1CF-4DE7-9E8E-F58FA8602938}.Release|Any CPU.Build.0 = Release|Any CPU
		{E07EE8F2-A1CF-4DE7-9E8E-F58FA8602938}.Release|x64.ActiveCfg = Release|Any CPU
		{E07EE8F2-A1CF-4DE7-9E8E-F58FA8602938}.Release|x64.Build.0 = Release|Any CPU
		{E07EE8F2-A1CF-4DE7-9E8E-F58FA8602938}.Release|x86.ActiveCfg = Release|Any CPU
		{E07EE8F2-A1CF-4DE7-9E8E-F58FA8602938}.Release|x86.Build.0 = Release|Any CPU
		{A1B2C3D4-E5F6-7890-ABCD-EF1234567890}.Debug|Any CPU.ActiveCfg = Debug|Any CPU
		{A1B2C3D4-E5F6-7890-ABCD-EF1234567890}.Debug|Any CPU.Build.0 = Debug|Any CPU
		{A1B2C3D4-E5F6-7890-ABCD-EF1234567890}.Debug|x64.ActiveCfg = Debug|Any CPU
		{A1B2C3D4-E5F6-7890-ABCD-EF1234567890}.Debug|x64.Build.0 = Debug|Any CPU
		{A1B2C3D4-E5F6-7890-ABCD-EF1234567890}.Debug|x86.ActiveCfg = Debug|Any CPU
		{A1B2C3D4-E5F6-7890-ABCD-EF1234567890}.Debug|x86.Build.0 = Debug|Any CPU
		{A1B2C3D4-E5F6-7890-ABCD-EF1234567890}.Release|Any CPU.ActiveCfg = Release|Any CPU
		{A1B2C3D4-E5F6-7890-ABCD-EF1234567890}.Release|Any CPU.Build.0 = Release|Any CPU
		{A1B2C3D4-E5F6-7890-ABCD-EF1234567890}.Release|x64.ActiveCfg = Release|Any CPU
		{A1B2C3D4-E5F6-7890-ABCD-EF1234567890}.Release|x64.Build.0 = Release|Any CPU
		{A1B2C3D4-E5F6-7890-ABCD-EF1234567890}.Release|x86.ActiveCfg = Release|Any CPU
		{A1B2C3D4-E5F6-7890-ABCD-EF1234567890}.Release|x86.Build.0 = Release|Any CPU
		{A1B2C3D5-E5F6-7890-ABCD-EF1234567891}.Debug|Any CPU.ActiveCfg = Debug|Any CPU
		{A1B2C3D5-E5F6-7890-ABCD-EF1234567891}.Debug|Any CPU.Build.0 = Debug|Any CPU
		{A1B2C3D5-E5F6-7890-ABCD-EF1234567891}.Debug|x64.ActiveCfg = Debug|Any CPU
		{A1B2C3D5-E5F6-7890-ABCD-EF1234567891}.Debug|x64.Build.0 = Debug|Any CPU
		{A1B2C3D5-E5F6-7890-ABCD-EF1234567891}.Debug|x86.ActiveCfg = Debug|Any CPU
		{A1B2C3D5-E5F6-7890-ABCD-EF1234567891}.Debug|x86.Build.0 = Debug|Any CPU
		{A1B2C3D5-E5F6-7890-ABCD-EF1234567891}.Release|Any CPU.ActiveCfg = Release|Any CPU
		{A1B2C3D5-E5F6-7890-ABCD-EF1234567891}.Release|Any CPU.Build.0 = Release|Any CPU
		{A1B2C3D5-E5F6-7890-ABCD-EF1234567891}.Release|x64.ActiveCfg = Release|Any CPU
		{A1B2C3D5-E5F6-7890-ABCD-EF1234567891}.Release|x64.Build.0 = Release|Any CPU
		{A1B2C3D5-E5F6-7890-ABCD-EF1234567891}.Release|x86.ActiveCfg = Release|Any CPU
		{A1B2C3D5-E5F6-7890-ABCD-EF1234567891}.Release|x86.Build.0 = Release|Any CPU
		{A1B2C3D6-E5F6-7890-ABCD-EF1234567892}.Debug|Any CPU.ActiveCfg = Debug|Any CPU
		{A1B2C3D6-E5F6-7890-ABCD-EF1234567892}.Debug|Any CPU.Build.0 = Debug|Any CPU
		{A1B2C3D6-E5F6-7890-ABCD-EF1234567892}.Debug|x64.ActiveCfg = Debug|Any CPU
		{A1B2C3D6-E5F6-7890-ABCD-EF1234567892}.Debug|x64.Build.0 = Debug|Any CPU
		{A1B2C3D6-E5F6-7890-ABCD-EF1234567892}.Debug|x86.ActiveCfg = Debug|Any CPU
		{A1B2C3D6-E5F6-7890-ABCD-EF1234567892}.Debug|x86.Build.0 = Debug|Any CPU
		{A1B2C3D6-E5F6-7890-ABCD-EF1234567892}.Release|Any CPU.ActiveCfg = Release|Any CPU
		{A1B2C3D6-E5F6-7890-ABCD-EF1234567892}.Release|Any CPU.Build.0 = Release|Any CPU
		{A1B2C3D6-E5F6-7890-ABCD-EF1234567892}.Release|x64.ActiveCfg = Release|Any CPU
		{A1B2C3D6-E5F6-7890-ABCD-EF1234567892}.Release|x64.Build.0 = Release|Any CPU
		{A1B2C3D6-E5F6-7890-ABCD-EF1234567892}.Release|x86.ActiveCfg = Release|Any CPU
		{A1B2C3D6-E5F6-7890-ABCD-EF1234567892}.Release|x86.Build.0 = Release|Any CPU
		{A1B2C3D7-E5F6-7890-ABCD-EF1234567893}.Debug|Any CPU.ActiveCfg = Debug|Any CPU
		{A1B2C3D7-E5F6-7890-ABCD-EF1234567893}.Debug|Any CPU.Build.0 = Debug|Any CPU
		{A1B2C3D7-E5F6-7890-ABCD-EF1234567893}.Debug|x64.ActiveCfg = Debug|Any CPU
		{A1B2C3D7-E5F6-7890-ABCD-EF1234567893}.Debug|x64.Build.0 = Debug|Any CPU
		{A1B2C3D7-E5F6-7890-ABCD-EF1234567893}.Debug|x86.ActiveCfg = Debug|Any CPU
		{A1B2C3D7-E5F6-7890-ABCD-EF1234567893}.Debug|x86.Build.0 = Debug|Any CPU
		{A1B2C3D7-E5F6-7890-ABCD-EF1234567893}.Release|Any CPU.ActiveCfg = Release|Any CPU
		{A1B2C3D7-E5F6-7890-ABCD-EF1234567893}.Release|Any CPU.Build.0 = Release|Any CPU
		{A1B2C3D7-E5F6-7890-ABCD-EF1234567893}.Release|x64.ActiveCfg = Release|Any CPU
		{A1B2C3D7-E5F6-7890-ABCD-EF1234567893}.Release|x64.Build.0 = Release|Any CPU
		{A1B2C3D7-E5F6-7890-ABCD-EF1234567893}.Release|x86.ActiveCfg = Release|Any CPU
		{A1B2C3D7-E5F6-7890-ABCD-EF1234567893}.Release|x86.Build.0 = Release|Any CPU
		{A1B2C3D8-E5F6-7890-ABCD-EF1234567894}.Debug|Any CPU.ActiveCfg = Debug|Any CPU
		{A1B2C3D8-E5F6-7890-ABCD-EF1234567894}.Debug|Any CPU.Build.0 = Debug|Any CPU
		{A1B2C3D8-E5F6-7890-ABCD-EF1234567894}.Debug|x64.ActiveCfg = Debug|Any CPU
		{A1B2C3D8-E5F6-7890-ABCD-EF1234567894}.Debug|x64.Build.0 = Debug|Any CPU
		{A1B2C3D8-E5F6-7890-ABCD-EF1234567894}.Debug|x86.ActiveCfg = Debug|Any CPU
		{A1B2C3D8-E5F6-7890-ABCD-EF1234567894}.Debug|x86.Build.0 = Debug|Any CPU
		{A1B2C3D8-E5F6-7890-ABCD-EF1234567894}.Release|Any CPU.ActiveCfg = Release|Any CPU
		{A1B2C3D8-E5F6-7890-ABCD-EF1234567894}.Release|Any CPU.Build.0 = Release|Any CPU
		{A1B2C3D8-E5F6-7890-ABCD-EF1234567894}.Release|x64.ActiveCfg = Release|Any CPU
		{A1B2C3D8-E5F6-7890-ABCD-EF1234567894}.Release|x64.Build.0 = Release|Any CPU
		{A1B2C3D8-E5F6-7890-ABCD-EF1234567894}.Release|x86.ActiveCfg = Release|Any CPU
		{A1B2C3D8-E5F6-7890-ABCD-EF1234567894}.Release|x86.Build.0 = Release|Any CPU
		{A1B2C3D9-E5F6-7890-ABCD-EF1234567895}.Debug|Any CPU.ActiveCfg = Debug|Any CPU
		{A1B2C3D9-E5F6-7890-ABCD-EF1234567895}.Debug|Any CPU.Build.0 = Debug|Any CPU
		{A1B2C3D9-E5F6-7890-ABCD-EF1234567895}.Debug|x64.ActiveCfg = Debug|Any CPU
		{A1B2C3D9-E5F6-7890-ABCD-EF1234567895}.Debug|x64.Build.0 = Debug|Any CPU
		{A1B2C3D9-E5F6-7890-ABCD-EF1234567895}.Debug|x86.ActiveCfg = Debug|Any CPU
		{A1B2C3D9-E5F6-7890-ABCD-EF1234567895}.Debug|x86.Build.0 = Debug|Any CPU
		{A1B2C3D9-E5F6-7890-ABCD-EF1234567895}.Release|Any CPU.ActiveCfg = Release|Any CPU
		{A1B2C3D9-E5F6-7890-ABCD-EF1234567895}.Release|Any CPU.Build.0 = Release|Any CPU
		{A1B2C3D9-E5F6-7890-ABCD-EF1234567895}.Release|x64.ActiveCfg = Release|Any CPU
		{A1B2C3D9-E5F6-7890-ABCD-EF1234567895}.Release|x64.Build.0 = Release|Any CPU
		{A1B2C3D9-E5F6-7890-ABCD-EF1234567895}.Release|x86.ActiveCfg = Release|Any CPU
		{A1B2C3D9-E5F6-7890-ABCD-EF1234567895}.Release|x86.Build.0 = Release|Any CPU
		{A1B2C3DA-E5F6-7890-ABCD-EF1234567896}.Debug|Any CPU.ActiveCfg = Debug|Any CPU
		{A1B2C3DA-E5F6-7890-ABCD-EF1234567896}.Debug|Any CPU.Build.0 = Debug|Any CPU
		{A1B2C3DA-E5F6-7890-ABCD-EF1234567896}.Debug|x64.ActiveCfg = Debug|Any CPU
		{A1B2C3DA-E5F6-7890-ABCD-EF1234567896}.Debug|x64.Build.0 = Debug|Any CPU
		{A1B2C3DA-E5F6-7890-ABCD-EF1234567896}.Debug|x86.ActiveCfg = Debug|Any CPU
		{A1B2C3DA-E5F6-7890-ABCD-EF1234567896}.Debug|x86.Build.0 = Debug|Any CPU
		{A1B2C3DA-E5F6-7890-ABCD-EF1234567896}.Release|Any CPU.ActiveCfg = Release|Any CPU
		{A1B2C3DA-E5F6-7890-ABCD-EF1234567896}.Release|Any CPU.Build.0 = Release|Any CPU
		{A1B2C3DA-E5F6-7890-ABCD-EF1234567896}.Release|x64.ActiveCfg = Release|Any CPU
		{A1B2C3DA-E5F6-7890-ABCD-EF1234567896}.Release|x64.Build.0 = Release|Any CPU
		{A1B2C3DA-E5F6-7890-ABCD-EF1234567896}.Release|x86.ActiveCfg = Release|Any CPU
		{A1B2C3DA-E5F6-7890-ABCD-EF1234567896}.Release|x86.Build.0 = Release|Any CPU
		{A1B2C3DB-E5F6-7890-ABCD-EF1234567897}.Debug|Any CPU.ActiveCfg = Debug|Any CPU
		{A1B2C3DB-E5F6-7890-ABCD-EF1234567897}.Debug|Any CPU.Build.0 = Debug|Any CPU
		{A1B2C3DB-E5F6-7890-ABCD-EF1234567897}.Debug|x64.ActiveCfg = Debug|Any CPU
		{A1B2C3DB-E5F6-7890-ABCD-EF1234567897}.Debug|x64.Build.0 = Debug|Any CPU
		{A1B2C3DB-E5F6-7890-ABCD-EF1234567897}.Debug|x86.ActiveCfg = Debug|Any CPU
		{A1B2C3DB-E5F6-7890-ABCD-EF1234567897}.Debug|x86.Build.0 = Debug|Any CPU
		{A1B2C3DB-E5F6-7890-ABCD-EF1234567897}.Release|Any CPU.ActiveCfg = Release|Any CPU
		{A1B2C3DB-E5F6-7890-ABCD-EF1234567897}.Release|Any CPU.Build.0 = Release|Any CPU
		{A1B2C3DB-E5F6-7890-ABCD-EF1234567897}.Release|x64.ActiveCfg = Release|Any CPU
		{A1B2C3DB-E5F6-7890-ABCD-EF1234567897}.Release|x64.Build.0 = Release|Any CPU
		{A1B2C3DB-E5F6-7890-ABCD-EF1234567897}.Release|x86.ActiveCfg = Release|Any CPU
		{A1B2C3DB-E5F6-7890-ABCD-EF1234567897}.Release|x86.Build.0 = Release|Any CPU
		{A1B2C3DC-E5F6-7890-ABCD-EF1234567898}.Debug|Any CPU.ActiveCfg = Debug|Any CPU
		{A1B2C3DC-E5F6-7890-ABCD-EF1234567898}.Debug|Any CPU.Build.0 = Debug|Any CPU
		{A1B2C3DC-E5F6-7890-ABCD-EF1234567898}.Debug|x64.ActiveCfg = Debug|Any CPU
		{A1B2C3DC-E5F6-7890-ABCD-EF1234567898}.Debug|x64.Build.0 = Debug|Any CPU
		{A1B2C3DC-E5F6-7890-ABCD-EF1234567898}.Debug|x86.ActiveCfg = Debug|Any CPU
		{A1B2C3DC-E5F6-7890-ABCD-EF1234567898}.Debug|x86.Build.0 = Debug|Any CPU
		{A1B2C3DC-E5F6-7890-ABCD-EF1234567898}.Release|Any CPU.ActiveCfg = Release|Any CPU
		{A1B2C3DC-E5F6-7890-ABCD-EF1234567898}.Release|Any CPU.Build.0 = Release|Any CPU
		{A1B2C3DC-E5F6-7890-ABCD-EF1234567898}.Release|x64.ActiveCfg = Release|Any CPU
		{A1B2C3DC-E5F6-7890-ABCD-EF1234567898}.Release|x64.Build.0 = Release|Any CPU
		{A1B2C3DC-E5F6-7890-ABCD-EF1234567898}.Release|x86.ActiveCfg = Release|Any CPU
		{A1B2C3DC-E5F6-7890-ABCD-EF1234567898}.Release|x86.Build.0 = Release|Any CPU
		{6070448A-BABA-435C-AF04-B4D57879E699}.Debug|Any CPU.ActiveCfg = Debug|Any CPU
		{6070448A-BABA-435C-AF04-B4D57879E699}.Debug|Any CPU.Build.0 = Debug|Any CPU
		{6070448A-BABA-435C-AF04-B4D57879E699}.Debug|x64.ActiveCfg = Debug|Any CPU
		{6070448A-BABA-435C-AF04-B4D57879E699}.Debug|x64.Build.0 = Debug|Any CPU
		{6070448A-BABA-435C-AF04-B4D57879E699}.Debug|x86.ActiveCfg = Debug|Any CPU
		{6070448A-BABA-435C-AF04-B4D57879E699}.Debug|x86.Build.0 = Debug|Any CPU
		{6070448A-BABA-435C-AF04-B4D57879E699}.Release|Any CPU.ActiveCfg = Release|Any CPU
		{6070448A-BABA-435C-AF04-B4D57879E699}.Release|Any CPU.Build.0 = Release|Any CPU
		{6070448A-BABA-435C-AF04-B4D57879E699}.Release|x64.ActiveCfg = Release|Any CPU
		{6070448A-BABA-435C-AF04-B4D57879E699}.Release|x64.Build.0 = Release|Any CPU
		{6070448A-BABA-435C-AF04-B4D57879E699}.Release|x86.ActiveCfg = Release|Any CPU
		{6070448A-BABA-435C-AF04-B4D57879E699}.Release|x86.Build.0 = Release|Any CPU
		{0D905C70-03AE-49E9-A422-C58CE606BA3F}.Debug|Any CPU.ActiveCfg = Debug|Any CPU
		{0D905C70-03AE-49E9-A422-C58CE606BA3F}.Debug|Any CPU.Build.0 = Debug|Any CPU
		{0D905C70-03AE-49E9-A422-C58CE606BA3F}.Debug|x64.ActiveCfg = Debug|Any CPU
		{0D905C70-03AE-49E9-A422-C58CE606BA3F}.Debug|x64.Build.0 = Debug|Any CPU
		{0D905C70-03AE-49E9-A422-C58CE606BA3F}.Debug|x86.ActiveCfg = Debug|Any CPU
		{0D905C70-03AE-49E9-A422-C58CE606BA3F}.Debug|x86.Build.0 = Debug|Any CPU
		{0D905C70-03AE-49E9-A422-C58CE606BA3F}.Release|Any CPU.ActiveCfg = Release|Any CPU
		{0D905C70-03AE-49E9-A422-C58CE606BA3F}.Release|Any CPU.Build.0 = Release|Any CPU
		{0D905C70-03AE-49E9-A422-C58CE606BA3F}.Release|x64.ActiveCfg = Release|Any CPU
		{0D905C70-03AE-49E9-A422-C58CE606BA3F}.Release|x64.Build.0 = Release|Any CPU
		{0D905C70-03AE-49E9-A422-C58CE606BA3F}.Release|x86.ActiveCfg = Release|Any CPU
		{0D905C70-03AE-49E9-A422-C58CE606BA3F}.Release|x86.Build.0 = Release|Any CPU
		{498A2CBD-879E-4F34-A963-1BA093E209CA}.Debug|Any CPU.ActiveCfg = Debug|Any CPU
		{498A2CBD-879E-4F34-A963-1BA093E209CA}.Debug|Any CPU.Build.0 = Debug|Any CPU
		{498A2CBD-879E-4F34-A963-1BA093E209CA}.Debug|x64.ActiveCfg = Debug|Any CPU
		{498A2CBD-879E-4F34-A963-1BA093E209CA}.Debug|x64.Build.0 = Debug|Any CPU
		{498A2CBD-879E-4F34-A963-1BA093E209CA}.Debug|x86.ActiveCfg = Debug|Any CPU
		{498A2CBD-879E-4F34-A963-1BA093E209CA}.Debug|x86.Build.0 = Debug|Any CPU
		{498A2CBD-879E-4F34-A963-1BA093E209CA}.Release|Any CPU.ActiveCfg = Release|Any CPU
		{498A2CBD-879E-4F34-A963-1BA093E209CA}.Release|Any CPU.Build.0 = Release|Any CPU
		{498A2CBD-879E-4F34-A963-1BA093E209CA}.Release|x64.ActiveCfg = Release|Any CPU
		{498A2CBD-879E-4F34-A963-1BA093E209CA}.Release|x64.Build.0 = Release|Any CPU
		{498A2CBD-879E-4F34-A963-1BA093E209CA}.Release|x86.ActiveCfg = Release|Any CPU
		{498A2CBD-879E-4F34-A963-1BA093E209CA}.Release|x86.Build.0 = Release|Any CPU
		{B13D98B6-9017-4C0A-8AD9-CD5CD62786FF}.Debug|Any CPU.ActiveCfg = Debug|Any CPU
		{B13D98B6-9017-4C0A-8AD9-CD5CD62786FF}.Debug|Any CPU.Build.0 = Debug|Any CPU
		{B13D98B6-9017-4C0A-8AD9-CD5CD62786FF}.Debug|x64.ActiveCfg = Debug|Any CPU
		{B13D98B6-9017-4C0A-8AD9-CD5CD62786FF}.Debug|x64.Build.0 = Debug|Any CPU
		{B13D98B6-9017-4C0A-8AD9-CD5CD62786FF}.Debug|x86.ActiveCfg = Debug|Any CPU
		{B13D98B6-9017-4C0A-8AD9-CD5CD62786FF}.Debug|x86.Build.0 = Debug|Any CPU
		{B13D98B6-9017-4C0A-8AD9-CD5CD62786FF}.Release|Any CPU.ActiveCfg = Release|Any CPU
		{B13D98B6-9017-4C0A-8AD9-CD5CD62786FF}.Release|Any CPU.Build.0 = Release|Any CPU
		{B13D98B6-9017-4C0A-8AD9-CD5CD62786FF}.Release|x64.ActiveCfg = Release|Any CPU
		{B13D98B6-9017-4C0A-8AD9-CD5CD62786FF}.Release|x64.Build.0 = Release|Any CPU
		{B13D98B6-9017-4C0A-8AD9-CD5CD62786FF}.Release|x86.ActiveCfg = Release|Any CPU
		{B13D98B6-9017-4C0A-8AD9-CD5CD62786FF}.Release|x86.Build.0 = Release|Any CPU
	EndGlobalSection
	GlobalSection(SolutionProperties) = preSolution
		HideSolutionNode = FALSE
	EndGlobalSection
EndGlobal
